{
  "nodes": {
    "cf": {
      "locked": {
        "lastModified": 1756852014,
        "narHash": "sha256-OrfTRBwerFrlK1fbWhu1eW40XUrOdE/Rq7IyxthEpcA=",
        "owner": "jzbor",
        "repo": "cornflakes",
        "rev": "7ef6d8be9b66f46cee3af1d5797e01f301b93149",
        "type": "github"
      },
      "original": {
        "owner": "jzbor",
        "repo": "cornflakes",
        "type": "github"
      }
    },
    "crane": {
      "locked": {
        "lastModified": 1762538466,
        "narHash": "sha256-8zrIPl6J+wLm9MH5ksHcW7BUHo7jSNOu0/hA0ohOOaM=",
        "owner": "ipetkov",
        "repo": "crane",
        "rev": "0cea393fffb39575c46b7a0318386467272182fe",
        "type": "github"
      },
      "original": {
        "owner": "ipetkov",
        "repo": "crane",
        "type": "github"
      }
    },
    "flake-parts": {
      "inputs": {
        "nixpkgs-lib": "nixpkgs-lib"
      },
      "locked": {
        "lastModified": 1759362264,
        "narHash": "sha256-wfG0S7pltlYyZTM+qqlhJ7GMw2fTF4mLKCIVhLii/4M=",
        "owner": "hercules-ci",
        "repo": "flake-parts",
        "rev": "758cf7296bee11f1706a574c77d072b8a7baa881",
        "type": "github"
      },
      "original": {
        "owner": "hercules-ci",
        "repo": "flake-parts",
        "type": "github"
      }
    },
    "flake-utils": {
      "inputs": {
        "systems": "systems"
      },
      "locked": {
        "lastModified": 1731533236,
        "narHash": "sha256-l0KFg5HjrsfsO/JpG+r7fRrqm12kzFHyUHqHCVpMMbI=",
        "owner": "numtide",
        "repo": "flake-utils",
        "rev": "11707dc2f618dd54ca8739b309ec4fc024de578b",
        "type": "github"
      },
      "original": {
        "owner": "numtide",
        "repo": "flake-utils",
        "type": "github"
      }
    },
    "flake-utils_2": {
      "inputs": {
        "systems": "systems_2"
      },
      "locked": {
        "lastModified": 1731533236,
        "narHash": "sha256-l0KFg5HjrsfsO/JpG+r7fRrqm12kzFHyUHqHCVpMMbI=",
        "owner": "numtide",
        "repo": "flake-utils",
        "rev": "11707dc2f618dd54ca8739b309ec4fc024de578b",
        "type": "github"
      },
      "original": {
        "owner": "numtide",
        "repo": "flake-utils",
        "type": "github"
      }
    },
    "home-manager": {
      "inputs": {
        "nixpkgs": [
          "nixpkgs"
        ]
      },
      "locked": {
        "lastModified": 1769978395,
        "narHash": "sha256-gj1yP3spUb1vGtaF5qPhshd2j0cg4xf51pklDsIm19Q=",
        "owner": "nix-community",
        "repo": "home-manager",
        "rev": "984708c34d3495a518e6ab6b8633469bbca2f77a",
        "type": "github"
      },
      "original": {
        "owner": "nix-community",
        "repo": "home-manager",
        "type": "github"
      }
    },
    "home-manager_2": {
      "inputs": {
        "nixpkgs": [
          "zen-browser",
          "nixpkgs"
        ]
      },
      "locked": {
        "lastModified": 1769872935,
        "narHash": "sha256-07HMIGQ/WJeAQJooA7Kkg1SDKxhAiV6eodvOwTX6WKI=",
        "owner": "nix-community",
        "repo": "home-manager",
        "rev": "f4ad5068ee8e89e4a7c2e963e10dd35cd77b37b7",
        "type": "github"
      },
      "original": {
        "owner": "nix-community",
        "repo": "home-manager",
        "type": "github"
      }
    },
    "niri-flake": {
      "inputs": {
        "niri-stable": "niri-stable",
        "niri-unstable": "niri-unstable",
        "nixpkgs": [
          "nixpkgs"
        ],
        "nixpkgs-stable": "nixpkgs-stable",
        "xwayland-satellite-stable": "xwayland-satellite-stable",
        "xwayland-satellite-unstable": "xwayland-satellite-unstable"
      },
      "locked": {
        "lastModified": 1769980417,
        "narHash": "sha256-BOxPHApuXJE0wFKaDK811u5Ihvn4gnsXhCABo0O/u/Q=",
        "owner": "sodiboo",
        "repo": "niri-flake",
        "rev": "ca6c544ca6a737bdb32676046bf98aca11f8f13d",
        "type": "github"
      },
      "original": {
        "owner": "sodiboo",
        "repo": "niri-flake",
        "type": "github"
      }
    },
    "niri-stable": {
      "flake": false,
      "locked": {
        "lastModified": 1756556321,
        "narHash": "sha256-RLD89dfjN0RVO86C/Mot0T7aduCygPGaYbog566F0Qo=",
        "owner": "YaLTeR",
        "repo": "niri",
        "rev": "01be0e65f4eb91a9cd624ac0b76aaeab765c7294",
        "type": "github"
      },
      "original": {
        "owner": "YaLTeR",
        "ref": "v25.08",
        "repo": "niri",
        "type": "github"
      }
    },
    "niri-unstable": {
      "flake": false,
      "locked": {
        "lastModified": 1769577126,
        "narHash": "sha256-v9vz9Rj4MGwPuhGELdvpRKl2HH+xvkgat6VwL0L86Fg=",
        "owner": "YaLTeR",
        "repo": "niri",
        "rev": "f30db163b5748e8cf95c05aba77d0d3736f40543",
        "type": "github"
      },
      "original": {
        "owner": "YaLTeR",
        "repo": "niri",
        "type": "github"
      }
    },
    "nix-sweep": {
      "inputs": {
        "cf": "cf",
        "crane": "crane",
        "nixpkgs": [
          "nixpkgs"
        ]
      },
      "locked": {
        "lastModified": 1765575848,
        "narHash": "sha256-6+LnI6H0FoJ6QbEGJX1bpFqc7fW3j8lLhziWLM7yExg=",
        "owner": "jzbor",
        "repo": "nix-sweep",
        "rev": "19fe6298a5d4c309fe34f3780393a9116d319d6b",
        "type": "github"
      },
      "original": {
        "owner": "jzbor",
        "repo": "nix-sweep",
        "type": "github"
      }
    },
    "nixpkgs": {
      "locked": {
        "lastModified": 1769789167,
        "narHash": "sha256-kKB3bqYJU5nzYeIROI82Ef9VtTbu4uA3YydSk/Bioa8=",
        "owner": "nixos",
        "repo": "nixpkgs",
        "rev": "62c8382960464ceb98ea593cb8321a2cf8f9e3e5",
        "type": "github"
      },
      "original": {
        "owner": "nixos",
        "ref": "nixos-unstable",
        "repo": "nixpkgs",
        "type": "github"
      }
    },
    "nixpkgs-lib": {
      "locked": {
        "lastModified": 1754788789,
        "narHash": "sha256-x2rJ+Ovzq0sCMpgfgGaaqgBSwY+LST+WbZ6TytnT9Rk=",
        "owner": "nix-community",
        "repo": "nixpkgs.lib",
        "rev": "a73b9c743612e4244d865a2fdee11865283c04e6",
        "type": "github"
      },
      "original": {
        "owner": "nix-community",
        "repo": "nixpkgs.lib",
        "type": "github"
      }
    },
    "nixpkgs-stable": {
      "locked": {
        "lastModified": 1769900590,
        "narHash": "sha256-I7Lmgj3owOTBGuauy9FL6qdpeK2umDoe07lM4V+PnyA=",
        "owner": "NixOS",
        "repo": "nixpkgs",
        "rev": "41e216c0ca66c83b12ab7a98cc326b5db01db646",
        "type": "github"
      },
      "original": {
        "owner": "NixOS",
        "ref": "nixos-25.11",
        "repo": "nixpkgs",
        "type": "github"
      }
    },
    "nixpkgs_2": {
      "locked": {
        "lastModified": 1759036355,
        "narHash": "sha256-0m27AKv6ka+q270dw48KflE0LwQYrO7Fm4/2//KCVWg=",
        "owner": "NixOS",
        "repo": "nixpkgs",
        "rev": "e9f00bd893984bc8ce46c895c3bf7cac95331127",
        "type": "github"
      },
      "original": {
        "owner": "NixOS",
        "ref": "nixos-unstable",
        "repo": "nixpkgs",
        "type": "github"
      }
    },
    "nixpkgs_3": {
      "locked": {
        "lastModified": 1769789167,
        "narHash": "sha256-kKB3bqYJU5nzYeIROI82Ef9VtTbu4uA3YydSk/Bioa8=",
        "owner": "NixOS",
        "repo": "nixpkgs",
        "rev": "62c8382960464ceb98ea593cb8321a2cf8f9e3e5",
        "type": "github"
      },
      "original": {
        "owner": "NixOS",
        "ref": "nixos-unstable",
        "repo": "nixpkgs",
        "type": "github"
      }
    },
    "nixpkgs_4": {
      "locked": {
        "lastModified": 1769461804,
        "narHash": "sha256-msG8SU5WsBUfVVa/9RPLaymvi5bI8edTavbIq3vRlhI=",
        "owner": "nixos",
        "repo": "nixpkgs",
        "rev": "bfc1b8a4574108ceef22f02bafcf6611380c100d",
        "type": "github"
      },
      "original": {
        "owner": "nixos",
        "ref": "nixos-unstable",
        "repo": "nixpkgs",
        "type": "github"
      }
    },
    "noctalia": {
      "inputs": {
        "nixpkgs": [
          "nixpkgs"
        ]
      },
      "locked": {
        "lastModified": 1770039807,
        "narHash": "sha256-1/MBdrRIj0G8cNpVNAlbMQQpyW5MyfqfnfCRM6Yg2GY=",
        "owner": "noctalia-dev",
        "repo": "noctalia-shell",
        "rev": "a8853b78f5816a19d3f2d9f4621627dce851dd50",
        "type": "github"
      },
      "original": {
        "owner": "noctalia-dev",
        "repo": "noctalia-shell",
        "type": "github"
      }
    },
    "noctalia-calendar": {
      "inputs": {
        "nixpkgs": [
          "nixpkgs"
        ]
      },
      "locked": {
        "lastModified": 1769805036,
        "narHash": "sha256-1DrGiSvH6ZPnQ2TAfHAgcByFP8W/WBEKVcHqMYB4jsk=",
        "path": "/home/rick/projects/noctalia-calendar",
        "type": "path"
      },
      "original": {
        "path": "/home/rick/projects/noctalia-calendar",
        "type": "path"
      }
    },
    "root": {
      "inputs": {
        "home-manager": "home-manager",
        "niri-flake": "niri-flake",
        "nix-sweep": "nix-sweep",
        "nixpkgs": "nixpkgs",
        "noctalia": "noctalia",
        "noctalia-calendar": "noctalia-calendar",
        "sfdx": "sfdx",
        "suitecloud": "suitecloud",
        "wayscriber": "wayscriber",
        "zen-browser": "zen-browser"
      }
    },
    "sfdx": {
      "inputs": {
        "flake-parts": "flake-parts",
        "nixpkgs": [
          "nixpkgs"
        ]
      },
      "locked": {
        "lastModified": 1769368777,
        "narHash": "sha256-p8XpImJ3fNBB/p13WJVoQvVWSiTzbIytBJwFhVSQ1y4=",
        "owner": "rfaulhaber",
        "repo": "sfdx-nix",
        "rev": "3f3e0cec75686be2988ceb64af4e40ae2f5c9369",
        "type": "github"
      },
      "original": {
        "owner": "rfaulhaber",
        "repo": "sfdx-nix",
        "type": "github"
      }
    },
    "suitecloud": {
      "inputs": {
        "flake-utils": "flake-utils",
        "nixpkgs": "nixpkgs_2"
      },
      "locked": {
        "lastModified": 1760647800,
        "narHash": "sha256-grtkRu9f3xTJV9a0ewOYNFnmB6uraCmYixXxitx9Tz4=",
        "owner": "rtanner1231",
        "repo": "suitecloud-nix",
        "rev": "87c4b2345e45f1d17cc3697de3b70c0dddcc7af6",
        "type": "github"
      },
      "original": {
        "owner": "rtanner1231",
        "repo": "suitecloud-nix",
        "type": "github"
      }
    },
    "systems": {
      "locked": {
        "lastModified": 1681028828,
        "narHash": "sha256-Vy1rq5AaRuLzOxct8nz4T6wlgyUR7zLU309k9mBC768=",
        "owner": "nix-systems",
        "repo": "default",
        "rev": "da67096a3b9bf56a91d16901293e51ba5b49a27e",
        "type": "github"
      },
      "original": {
        "owner": "nix-systems",
        "repo": "default",
        "type": "github"
      }
    },
    "systems_2": {
      "locked": {
        "lastModified": 1681028828,
        "narHash": "sha256-Vy1rq5AaRuLzOxct8nz4T6wlgyUR7zLU309k9mBC768=",
        "owner": "nix-systems",
        "repo": "default",
        "rev": "da67096a3b9bf56a91d16901293e51ba5b49a27e",
        "type": "github"
      },
      "original": {
        "owner": "nix-systems",
        "repo": "default",
        "type": "github"
      }
    },
    "wayscriber": {
      "inputs": {
        "flake-utils": "flake-utils_2",
        "nixpkgs": "nixpkgs_3"
      },
      "locked": {
        "lastModified": 1769859007,
        "narHash": "sha256-Uepl0mRSGtDL3NZuxJLWXAqyjmCNFXrXSiuJhaCZdE4=",
        "owner": "devmobasa",
        "repo": "wayscriber",
        "rev": "adbc6f98662ac3d616be2d8c3b6c5e2c42fa78e2",
        "type": "github"
      },
      "original": {
        "owner": "devmobasa",
        "repo": "wayscriber",
        "type": "github"
      }
    },
    "xwayland-satellite-stable": {
      "flake": false,
      "locked": {
        "lastModified": 1755491097,
        "narHash": "sha256-m+9tUfsmBeF2Gn4HWa6vSITZ4Gz1eA1F5Kh62B0N4oE=",
        "owner": "Supreeeme",
        "repo": "xwayland-satellite",
        "rev": "388d291e82ffbc73be18169d39470f340707edaa",
        "type": "github"
      },
      "original": {
        "owner": "Supreeeme",
        "ref": "v0.7",
        "repo": "xwayland-satellite",
        "type": "github"
      }
    },
    "xwayland-satellite-unstable": {
      "flake": false,
      "locked": {
        "lastModified": 1769713942,
        "narHash": "sha256-0BtCSO2qzYK/akRDsERqRVLknCYD3FYErc+szreSHUo=",
        "owner": "Supreeeme",
        "repo": "xwayland-satellite",
        "rev": "37ec78ee26e158b71f42e113e0e7dd9d5eb6bdb0",
        "type": "github"
      },
      "original": {
        "owner": "Supreeeme",
        "repo": "xwayland-satellite",
        "type": "github"
      }
    },
    "zen-browser": {
      "inputs": {
        "home-manager": "home-manager_2",
        "nixpkgs": "nixpkgs_4"
      },
      "locked": {
        "lastModified": 1770018638,
        "narHash": "sha256-u9fl3Q+ZVPcwnfxGO1V997Gt0vT2m4lvfYp/QvSZRjw=",
        "owner": "0xc000022070",
        "repo": "zen-browser-flake",
        "rev": "fbbadeb3bbed799f5bd86094ebf186658764eb30",
        "type": "github"
      },
      "original": {
        "owner": "0xc000022070",
        "repo": "zen-browser-flake",
        "type": "github"
      }
    }
  },
  "root": "root",
  "version": 7
}
